// !$*UTF8*$!
{
	archiveVersion = 1;
	classes = {
	};
	objectVersion = 56;
	objects = {

/* Begin PBXBuildFile section */
		08DA5EFD2BCD0A07005A5EEE /* OpenTelemetryApi in Frameworks */ = {isa = PBXBuildFile; productRef = 08DA5EFC2BCD0A07005A5EEE /* OpenTelemetryApi */; };
		08DA5EFF2BCD0A07005A5EEE /* OpenTelemetryProtocolExporterHTTP in Frameworks */ = {isa = PBXBuildFile; productRef = 08DA5EFE2BCD0A07005A5EEE /* OpenTelemetryProtocolExporterHTTP */; };
		08DA5F012BCD0A07005A5EEE /* OpenTelemetrySdk in Frameworks */ = {isa = PBXBuildFile; productRef = 08DA5F002BCD0A07005A5EEE /* OpenTelemetrySdk */; };
		08DA5F032BCD0A07005A5EEE /* StdoutExporter in Frameworks */ = {isa = PBXBuildFile; productRef = 08DA5F022BCD0A07005A5EEE /* StdoutExporter */; };
		92B994D52A72A0B40017F96F /* Elastiflix_iOSApp.swift in Sources */ = {isa = PBXBuildFile; fileRef = 92B994D42A72A0B40017F96F /* Elastiflix_iOSApp.swift */; };
		92B994D72A72A0B40017F96F /* ContentView.swift in Sources */ = {isa = PBXBuildFile; fileRef = 92B994D62A72A0B40017F96F /* ContentView.swift */; };
		92B994D92A72A0B60017F96F /* Assets.xcassets in Resources */ = {isa = PBXBuildFile; fileRef = 92B994D82A72A0B60017F96F /* Assets.xcassets */; };
		92B994DC2A72A0B60017F96F /* Preview Assets.xcassets in Resources */ = {isa = PBXBuildFile; fileRef = 92B994DB2A72A0B60017F96F /* Preview Assets.xcassets */; };
		92B994E62A72A0B60017F96F /* Elastiflix_iOSTests.swift in Sources */ = {isa = PBXBuildFile; fileRef = 92B994E52A72A0B60017F96F /* Elastiflix_iOSTests.swift */; };
		92B994F02A72A0B60017F96F /* Elastiflix_iOSUITests.swift in Sources */ = {isa = PBXBuildFile; fileRef = 92B994EF2A72A0B60017F96F /* Elastiflix_iOSUITests.swift */; };
		92B994F22A72A0B60017F96F /* Elastiflix_iOSUITestsLaunchTests.swift in Sources */ = {isa = PBXBuildFile; fileRef = 92B994F12A72A0B60017F96F /* Elastiflix_iOSUITestsLaunchTests.swift */; };
/* End PBXBuildFile section */

/* Begin PBXContainerItemProxy section */
		92B994E22A72A0B60017F96F /* PBXContainerItemProxy */ = {
			isa = PBXContainerItemProxy;
			containerPortal = 92B994C92A72A0B40017F96F /* Project object */;
			proxyType = 1;
			remoteGlobalIDString = 92B994D02A72A0B40017F96F;
			remoteInfo = "Elastiflix-iOS";
		};
		92B994EC2A72A0B60017F96F /* PBXContainerItemProxy */ = {
			isa = PBXContainerItemProxy;
			containerPortal = 92B994C92A72A0B40017F96F /* Project object */;
			proxyType = 1;
			remoteGlobalIDString = 92B994D02A72A0B40017F96F;
			remoteInfo = "Elastiflix-iOS";
		};
/* End PBXContainerItemProxy section */

/* Begin PBXFileReference section */
		92B994D12A72A0B40017F96F /* Elastiflix-iOS.app */ = {isa = PBXFileReference; explicitFileType = wrapper.application; includeInIndex = 0; path = "Elastiflix-iOS.app"; sourceTree = BUILT_PRODUCTS_DIR; };
		92B994D42A72A0B40017F96F /* Elastiflix_iOSApp.swift */ = {isa = PBXFileReference; lastKnownFileType = sourcecode.swift; path = Elastiflix_iOSApp.swift; sourceTree = "<group>"; };
		92B994D62A72A0B40017F96F /* ContentView.swift */ = {isa = PBXFileReference; lastKnownFileType = sourcecode.swift; path = ContentView.swift; sourceTree = "<group>"; };
		92B994D82A72A0B60017F96F /* Assets.xcassets */ = {isa = PBXFileReference; lastKnownFileType = folder.assetcatalog; path = Assets.xcassets; sourceTree = "<group>"; };
		92B994DB2A72A0B60017F96F /* Preview Assets.xcassets */ = {isa = PBXFileReference; lastKnownFileType = folder.assetcatalog; path = "Preview Assets.xcassets"; sourceTree = "<group>"; };
		92B994E12A72A0B60017F96F /* Elastiflix-iOSTests.xctest */ = {isa = PBXFileReference; explicitFileType = wrapper.cfbundle; includeInIndex = 0; path = "Elastiflix-iOSTests.xctest"; sourceTree = BUILT_PRODUCTS_DIR; };
		92B994E52A72A0B60017F96F /* Elastiflix_iOSTests.swift */ = {isa = PBXFileReference; lastKnownFileType = sourcecode.swift; path = Elastiflix_iOSTests.swift; sourceTree = "<group>"; };
		92B994EB2A72A0B60017F96F /* Elastiflix-iOSUITests.xctest */ = {isa = PBXFileReference; explicitFileType = wrapper.cfbundle; includeInIndex = 0; path = "Elastiflix-iOSUITests.xctest"; sourceTree = BUILT_PRODUCTS_DIR; };
		92B994EF2A72A0B60017F96F /* Elastiflix_iOSUITests.swift */ = {isa = PBXFileReference; lastKnownFileType = sourcecode.swift; path = Elastiflix_iOSUITests.swift; sourceTree = "<group>"; };
		92B994F12A72A0B60017F96F /* Elastiflix_iOSUITestsLaunchTests.swift */ = {isa = PBXFileReference; lastKnownFileType = sourcecode.swift; path = Elastiflix_iOSUITestsLaunchTests.swift; sourceTree = "<group>"; };
/* End PBXFileReference section */

/* Begin PBXFrameworksBuildPhase section */
		92B994CE2A72A0B40017F96F /* Frameworks */ = {
			isa = PBXFrameworksBuildPhase;
			buildActionMask = 2147483647;
			files = (
				08DA5F032BCD0A07005A5EEE /* StdoutExporter in Frameworks */,
				08DA5EFF2BCD0A07005A5EEE /* OpenTelemetryProtocolExporterHTTP in Frameworks */,
				08DA5EFD2BCD0A07005A5EEE /* OpenTelemetryApi in Frameworks */,
				08DA5F012BCD0A07005A5EEE /* OpenTelemetrySdk in Frameworks */,
			);
			runOnlyForDeploymentPostprocessing = 0;
		};
		92B994DE2A72A0B60017F96F /* Frameworks */ = {
			isa = PBXFrameworksBuildPhase;
			buildActionMask = 2147483647;
			files = (
			);
			runOnlyForDeploymentPostprocessing = 0;
		};
		92B994E82A72A0B60017F96F /* Frameworks */ = {
			isa = PBXFrameworksBuildPhase;
			buildActionMask = 2147483647;
			files = (
			);
			runOnlyForDeploymentPostprocessing = 0;
		};
/* End PBXFrameworksBuildPhase section */

/* Begin PBXGroup section */
		92B994C82A72A0B40017F96F = {
			isa = PBXGroup;
			children = (
				92B994D32A72A0B40017F96F /* Elastiflix-iOS */,
				92B994E42A72A0B60017F96F /* Elastiflix-iOSTests */,
				92B994EE2A72A0B60017F96F /* Elastiflix-iOSUITests */,
				92B994D22A72A0B40017F96F /* Products */,
			);
			sourceTree = "<group>";
		};
		92B994D22A72A0B40017F96F /* Products */ = {
			isa = PBXGroup;
			children = (
				92B994D12A72A0B40017F96F /* Elastiflix-iOS.app */,
				92B994E12A72A0B60017F96F /* Elastiflix-iOSTests.xctest */,
				92B994EB2A72A0B60017F96F /* Elastiflix-iOSUITests.xctest */,
			);
			name = Products;
			sourceTree = "<group>";
		};
		92B994D32A72A0B40017F96F /* Elastiflix-iOS */ = {
			isa = PBXGroup;
			children = (
				92B994D42A72A0B40017F96F /* Elastiflix_iOSApp.swift */,
				92B994D62A72A0B40017F96F /* ContentView.swift */,
				92B994D82A72A0B60017F96F /* Assets.xcassets */,
				92B994DA2A72A0B60017F96F /* Preview Content */,
			);
			path = "Elastiflix-iOS";
			sourceTree = "<group>";
		};
		92B994DA2A72A0B60017F96F /* Preview Content */ = {
			isa = PBXGroup;
			children = (
				92B994DB2A72A0B60017F96F /* Preview Assets.xcassets */,
			);
			path = "Preview Content";
			sourceTree = "<group>";
		};
		92B994E42A72A0B60017F96F /* Elastiflix-iOSTests */ = {
			isa = PBXGroup;
			children = (
				92B994E52A72A0B60017F96F /* Elastiflix_iOSTests.swift */,
			);
			path = "Elastiflix-iOSTests";
			sourceTree = "<group>";
		};
		92B994EE2A72A0B60017F96F /* Elastiflix-iOSUITests */ = {
			isa = PBXGroup;
			children = (
				92B994EF2A72A0B60017F96F /* Elastiflix_iOSUITests.swift */,
				92B994F12A72A0B60017F96F /* Elastiflix_iOSUITestsLaunchTests.swift */,
			);
			path = "Elastiflix-iOSUITests";
			sourceTree = "<group>";
		};
/* End PBXGroup section */

/* Begin PBXNativeTarget section */
		92B994D02A72A0B40017F96F /* Elastiflix-iOS */ = {
			isa = PBXNativeTarget;
			buildConfigurationList = 92B994F52A72A0B60017F96F /* Build configuration list for PBXNativeTarget "Elastiflix-iOS" */;
			buildPhases = (
				92B994CD2A72A0B40017F96F /* Sources */,
				92B994CE2A72A0B40017F96F /* Frameworks */,
				92B994CF2A72A0B40017F96F /* Resources */,
			);
			buildRules = (
			);
			dependencies = (
			);
			name = "Elastiflix-iOS";
			packageProductDependencies = (
				08DA5EFC2BCD0A07005A5EEE /* OpenTelemetryApi */,
				08DA5EFE2BCD0A07005A5EEE /* OpenTelemetryProtocolExporterHTTP */,
				08DA5F002BCD0A07005A5EEE /* OpenTelemetrySdk */,
				08DA5F022BCD0A07005A5EEE /* StdoutExporter */,
			);
			productName = "Elastiflix-iOS";
			productReference = 92B994D12A72A0B40017F96F /* Elastiflix-iOS.app */;
			productType = "com.apple.product-type.application";
		};
		92B994E02A72A0B60017F96F /* Elastiflix-iOSTests */ = {
			isa = PBXNativeTarget;
			buildConfigurationList = 92B994F82A72A0B60017F96F /* Build configuration list for PBXNativeTarget "Elastiflix-iOSTests" */;
			buildPhases = (
				92B994DD2A72A0B60017F96F /* Sources */,
				92B994DE2A72A0B60017F96F /* Frameworks */,
				92B994DF2A72A0B60017F96F /* Resources */,
			);
			buildRules = (
			);
			dependencies = (
				92B994E32A72A0B60017F96F /* PBXTargetDependency */,
			);
			name = "Elastiflix-iOSTests";
			productName = "Elastiflix-iOSTests";
			productReference = 92B994E12A72A0B60017F96F /* Elastiflix-iOSTests.xctest */;
			productType = "com.apple.product-type.bundle.unit-test";
		};
		92B994EA2A72A0B60017F96F /* Elastiflix-iOSUITests */ = {
			isa = PBXNativeTarget;
			buildConfigurationList = 92B994FB2A72A0B60017F96F /* Build configuration list for PBXNativeTarget "Elastiflix-iOSUITests" */;
			buildPhases = (
				92B994E72A72A0B60017F96F /* Sources */,
				92B994E82A72A0B60017F96F /* Frameworks */,
				92B994E92A72A0B60017F96F /* Resources */,
			);
			buildRules = (
			);
			dependencies = (
				92B994ED2A72A0B60017F96F /* PBXTargetDependency */,
			);
			name = "Elastiflix-iOSUITests";
			productName = "Elastiflix-iOSUITests";
			productReference = 92B994EB2A72A0B60017F96F /* Elastiflix-iOSUITests.xctest */;
			productType = "com.apple.product-type.bundle.ui-testing";
		};
/* End PBXNativeTarget section */

/* Begin PBXProject section */
		92B994C92A72A0B40017F96F /* Project object */ = {
			isa = PBXProject;
			attributes = {
				BuildIndependentTargetsInParallel = 1;
				LastSwiftUpdateCheck = 1430;
				LastUpgradeCheck = 1430;
				TargetAttributes = {
					92B994D02A72A0B40017F96F = {
						CreatedOnToolsVersion = 14.3.1;
					};
					92B994E02A72A0B60017F96F = {
						CreatedOnToolsVersion = 14.3.1;
						TestTargetID = 92B994D02A72A0B40017F96F;
					};
					92B994EA2A72A0B60017F96F = {
						CreatedOnToolsVersion = 14.3.1;
						TestTargetID = 92B994D02A72A0B40017F96F;
					};
				};
			};
			buildConfigurationList = 92B994CC2A72A0B40017F96F /* Build configuration list for PBXProject "Elastiflix-iOS" */;
			compatibilityVersion = "Xcode 14.0";
			developmentRegion = en;
			hasScannedForEncodings = 0;
			knownRegions = (
				en,
				Base,
			);
			mainGroup = 92B994C82A72A0B40017F96F;
			packageReferences = (
				08DA5EF92BCD0A07005A5EEE /* XCRemoteSwiftPackageReference "opentelemetry-swift" */,
			);
			productRefGroup = 92B994D22A72A0B40017F96F /* Products */;
			projectDirPath = "";
			projectRoot = "";
			targets = (
				92B994D02A72A0B40017F96F /* Elastiflix-iOS */,
				92B994E02A72A0B60017F96F /* Elastiflix-iOSTests */,
				92B994EA2A72A0B60017F96F /* Elastiflix-iOSUITests */,
			);
		};
/* End PBXProject section */

/* Begin PBXResourcesBuildPhase section */
		92B994CF2A72A0B40017F96F /* Resources */ = {
			isa = PBXResourcesBuildPhase;
			buildActionMask = 2147483647;
			files = (
				92B994DC2A72A0B60017F96F /* Preview Assets.xcassets in Resources */,
				92B994D92A72A0B60017F96F /* Assets.xcassets in Resources */,
			);
			runOnlyForDeploymentPostprocessing = 0;
		};
		92B994DF2A72A0B60017F96F /* Resources */ = {
			isa = PBXResourcesBuildPhase;
			buildActionMask = 2147483647;
			files = (
			);
			runOnlyForDeploymentPostprocessing = 0;
		};
		92B994E92A72A0B60017F96F /* Resources */ = {
			isa = PBXResourcesBuildPhase;
			buildActionMask = 2147483647;
			files = (
			);
			runOnlyForDeploymentPostprocessing = 0;
		};
/* End PBXResourcesBuildPhase section */

/* Begin PBXSourcesBuildPhase section */
		92B994CD2A72A0B40017F96F /* Sources */ = {
			isa = PBXSourcesBuildPhase;
			buildActionMask = 2147483647;
			files = (
				92B994D72A72A0B40017F96F /* ContentView.swift in Sources */,
				92B994D52A72A0B40017F96F /* Elastiflix_iOSApp.swift in Sources */,
			);
			runOnlyForDeploymentPostprocessing = 0;
		};
		92B994DD2A72A0B60017F96F /* Sources */ = {
			isa = PBXSourcesBuildPhase;
			buildActionMask = 2147483647;
			files = (
				92B994E62A72A0B60017F96F /* Elastiflix_iOSTests.swift in Sources */,
			);
			runOnlyForDeploymentPostprocessing = 0;
		};
		92B994E72A72A0B60017F96F /* Sources */ = {
			isa = PBXSourcesBuildPhase;
			buildActionMask = 2147483647;
			files = (
				92B994F02A72A0B60017F96F /* Elastiflix_iOSUITests.swift in Sources */,
				92B994F22A72A0B60017F96F /* Elastiflix_iOSUITestsLaunchTests.swift in Sources */,
			);
			runOnlyForDeploymentPostprocessing = 0;
		};
/* End PBXSourcesBuildPhase section */

/* Begin PBXTargetDependency section */
		92B994E32A72A0B60017F96F /* PBXTargetDependency */ = {
			isa = PBXTargetDependency;
			target = 92B994D02A72A0B40017F96F /* Elastiflix-iOS */;
			targetProxy = 92B994E22A72A0B60017F96F /* PBXContainerItemProxy */;
		};
		92B994ED2A72A0B60017F96F /* PBXTargetDependency */ = {
			isa = PBXTargetDependency;
			target = 92B994D02A72A0B40017F96F /* Elastiflix-iOS */;
			targetProxy = 92B994EC2A72A0B60017F96F /* PBXContainerItemProxy */;
		};
/* End PBXTargetDependency section */

/* Begin XCBuildConfiguration section */
		92B994F32A72A0B60017F96F /* Debug */ = {
			isa = XCBuildConfiguration;
			buildSettings = {
				ALWAYS_SEARCH_USER_PATHS = NO;
				CLANG_ANALYZER_NONNULL = YES;
				CLANG_ANALYZER_NUMBER_OBJECT_CONVERSION = YES_AGGRESSIVE;
				CLANG_CXX_LANGUAGE_STANDARD = "gnu++20";
				CLANG_ENABLE_MODULES = YES;
				CLANG_ENABLE_OBJC_ARC = YES;
				CLANG_ENABLE_OBJC_WEAK = YES;
				CLANG_WARN_BLOCK_CAPTURE_AUTORELEASING = YES;
				CLANG_WARN_BOOL_CONVERSION = YES;
				CLANG_WARN_COMMA = YES;
				CLANG_WARN_CONSTANT_CONVERSION = YES;
				CLANG_WARN_DEPRECATED_OBJC_IMPLEMENTATIONS = YES;
				CLANG_WARN_DIRECT_OBJC_ISA_USAGE = YES_ERROR;
				CLANG_WARN_DOCUMENTATION_COMMENTS = YES;
				CLANG_WARN_EMPTY_BODY = YES;
				CLANG_WARN_ENUM_CONVERSION = YES;
				CLANG_WARN_INFINITE_RECURSION = YES;
				CLANG_WARN_INT_CONVERSION = YES;
				CLANG_WARN_NON_LITERAL_NULL_CONVERSION = YES;
				CLANG_WARN_OBJC_IMPLICIT_RETAIN_SELF = YES;
				CLANG_WARN_OBJC_LITERAL_CONVERSION = YES;
				CLANG_WARN_OBJC_ROOT_CLASS = YES_ERROR;
				CLANG_WARN_QUOTED_INCLUDE_IN_FRAMEWORK_HEADER = YES;
				CLANG_WARN_RANGE_LOOP_ANALYSIS = YES;
				CLANG_WARN_STRICT_PROTOTYPES = YES;
				CLANG_WARN_SUSPICIOUS_MOVE = YES;
				CLANG_WARN_UNGUARDED_AVAILABILITY = YES_AGGRESSIVE;
				CLANG_WARN_UNREACHABLE_CODE = YES;
				CLANG_WARN__DUPLICATE_METHOD_MATCH = YES;
				COPY_PHASE_STRIP = NO;
				DEBUG_INFORMATION_FORMAT = dwarf;
				ENABLE_STRICT_OBJC_MSGSEND = YES;
				ENABLE_TESTABILITY = YES;
				GCC_C_LANGUAGE_STANDARD = gnu11;
				GCC_DYNAMIC_NO_PIC = NO;
				GCC_NO_COMMON_BLOCKS = YES;
				GCC_OPTIMIZATION_LEVEL = 0;
				GCC_PREPROCESSOR_DEFINITIONS = (
					"DEBUG=1",
					"$(inherited)",
				);
				GCC_WARN_64_TO_32_BIT_CONVERSION = YES;
				GCC_WARN_ABOUT_RETURN_TYPE = YES_ERROR;
				GCC_WARN_UNDECLARED_SELECTOR = YES;
				GCC_WARN_UNINITIALIZED_AUTOS = YES_AGGRESSIVE;
				GCC_WARN_UNUSED_FUNCTION = YES;
				GCC_WARN_UNUSED_VARIABLE = YES;
				IPHONEOS_DEPLOYMENT_TARGET = 16.4;
				MTL_ENABLE_DEBUG_INFO = INCLUDE_SOURCE;
				MTL_FAST_MATH = YES;
				ONLY_ACTIVE_ARCH = YES;
				SDKROOT = iphoneos;
				SWIFT_ACTIVE_COMPILATION_CONDITIONS = DEBUG;
				SWIFT_OPTIMIZATION_LEVEL = "-Onone";
			};
			name = Debug;
		};
		92B994F42A72A0B60017F96F /* Release */ = {
			isa = XCBuildConfiguration;
			buildSettings = {
				ALWAYS_SEARCH_USER_PATHS = NO;
				CLANG_ANALYZER_NONNULL = YES;
				CLANG_ANALYZER_NUMBER_OBJECT_CONVERSION = YES_AGGRESSIVE;
				CLANG_CXX_LANGUAGE_STANDARD = "gnu++20";
				CLANG_ENABLE_MODULES = YES;
				CLANG_ENABLE_OBJC_ARC = YES;
				CLANG_ENABLE_OBJC_WEAK = YES;
				CLANG_WARN_BLOCK_CAPTURE_AUTORELEASING = YES;
				CLANG_WARN_BOOL_CONVERSION = YES;
				CLANG_WARN_COMMA = YES;
				CLANG_WARN_CONSTANT_CONVERSION = YES;
				CLANG_WARN_DEPRECATED_OBJC_IMPLEMENTATIONS = YES;
				CLANG_WARN_DIRECT_OBJC_ISA_USAGE = YES_ERROR;
				CLANG_WARN_DOCUMENTATION_COMMENTS = YES;
				CLANG_WARN_EMPTY_BODY = YES;
				CLANG_WARN_ENUM_CONVERSION = YES;
				CLANG_WARN_INFINITE_RECURSION = YES;
				CLANG_WARN_INT_CONVERSION = YES;
				CLANG_WARN_NON_LITERAL_NULL_CONVERSION = YES;
				CLANG_WARN_OBJC_IMPLICIT_RETAIN_SELF = YES;
				CLANG_WARN_OBJC_LITERAL_CONVERSION = YES;
				CLANG_WARN_OBJC_ROOT_CLASS = YES_ERROR;
				CLANG_WARN_QUOTED_INCLUDE_IN_FRAMEWORK_HEADER = YES;
				CLANG_WARN_RANGE_LOOP_ANALYSIS = YES;
				CLANG_WARN_STRICT_PROTOTYPES = YES;
				CLANG_WARN_SUSPICIOUS_MOVE = YES;
				CLANG_WARN_UNGUARDED_AVAILABILITY = YES_AGGRESSIVE;
				CLANG_WARN_UNREACHABLE_CODE = YES;
				CLANG_WARN__DUPLICATE_METHOD_MATCH = YES;
				COPY_PHASE_STRIP = NO;
				DEBUG_INFORMATION_FORMAT = "dwarf-with-dsym";
				ENABLE_NS_ASSERTIONS = NO;
				ENABLE_STRICT_OBJC_MSGSEND = YES;
				GCC_C_LANGUAGE_STANDARD = gnu11;
				GCC_NO_COMMON_BLOCKS = YES;
				GCC_WARN_64_TO_32_BIT_CONVERSION = YES;
				GCC_WARN_ABOUT_RETURN_TYPE = YES_ERROR;
				GCC_WARN_UNDECLARED_SELECTOR = YES;
				GCC_WARN_UNINITIALIZED_AUTOS = YES_AGGRESSIVE;
				GCC_WARN_UNUSED_FUNCTION = YES;
				GCC_WARN_UNUSED_VARIABLE = YES;
				IPHONEOS_DEPLOYMENT_TARGET = 16.4;
				MTL_ENABLE_DEBUG_INFO = NO;
				MTL_FAST_MATH = YES;
				SDKROOT = iphoneos;
				SWIFT_COMPILATION_MODE = wholemodule;
				SWIFT_OPTIMIZATION_LEVEL = "-O";
				VALIDATE_PRODUCT = YES;
			};
			name = Release;
		};
		92B994F62A72A0B60017F96F /* Debug */ = {
			isa = XCBuildConfiguration;
			buildSettings = {
				ASSETCATALOG_COMPILER_APPICON_NAME = AppIcon;
				ASSETCATALOG_COMPILER_GLOBAL_ACCENT_COLOR_NAME = AccentColor;
				CODE_SIGN_IDENTITY = "Apple Development";
				CODE_SIGN_STYLE = Automatic;
				CURRENT_PROJECT_VERSION = 1;
				DEVELOPMENT_ASSET_PATHS = "\"Elastiflix-iOS/Preview Content\"";
				DEVELOPMENT_TEAM = 8PP8MX9XAS;
				ENABLE_PREVIEWS = YES;
				GENERATE_INFOPLIST_FILE = YES;
				INFOPLIST_KEY_UIApplicationSceneManifest_Generation = YES;
				INFOPLIST_KEY_UIApplicationSupportsIndirectInputEvents = YES;
				INFOPLIST_KEY_UILaunchScreen_Generation = YES;
				INFOPLIST_KEY_UISupportedInterfaceOrientations_iPad = "UIInterfaceOrientationPortrait UIInterfaceOrientationPortraitUpsideDown UIInterfaceOrientationLandscapeLeft UIInterfaceOrientationLandscapeRight";
				INFOPLIST_KEY_UISupportedInterfaceOrientations_iPhone = "UIInterfaceOrientationPortrait UIInterfaceOrientationLandscapeLeft UIInterfaceOrientationLandscapeRight";
				LD_RUNPATH_SEARCH_PATHS = (
					"$(inherited)",
					"@executable_path/Frameworks",
				);
				MARKETING_VERSION = 1.0;
				PRODUCT_BUNDLE_IDENTIFIER = com.genesis.test1;
				PRODUCT_NAME = "$(TARGET_NAME)";
				PROVISIONING_PROFILE_SPECIFIER = "";
				SWIFT_EMIT_LOC_STRINGS = YES;
				SWIFT_VERSION = 5.0;
				TARGETED_DEVICE_FAMILY = "1,2";
			};
			name = Debug;
		};
		92B994F72A72A0B60017F96F /* Release */ = {
			isa = XCBuildConfiguration;
			buildSettings = {
				ASSETCATALOG_COMPILER_APPICON_NAME = AppIcon;
				ASSETCATALOG_COMPILER_GLOBAL_ACCENT_COLOR_NAME = AccentColor;
				CODE_SIGN_IDENTITY = "Apple Development";
				CODE_SIGN_STYLE = Automatic;
				CURRENT_PROJECT_VERSION = 1;
				DEVELOPMENT_ASSET_PATHS = "\"Elastiflix-iOS/Preview Content\"";
				DEVELOPMENT_TEAM = 8PP8MX9XAS;
				ENABLE_PREVIEWS = YES;
				GENERATE_INFOPLIST_FILE = YES;
				INFOPLIST_KEY_UIApplicationSceneManifest_Generation = YES;
				INFOPLIST_KEY_UIApplicationSupportsIndirectInputEvents = YES;
				INFOPLIST_KEY_UILaunchScreen_Generation = YES;
				INFOPLIST_KEY_UISupportedInterfaceOrientations_iPad = "UIInterfaceOrientationPortrait UIInterfaceOrientationPortraitUpsideDown UIInterfaceOrientationLandscapeLeft UIInterfaceOrientationLandscapeRight";
				INFOPLIST_KEY_UISupportedInterfaceOrientations_iPhone = "UIInterfaceOrientationPortrait UIInterfaceOrientationLandscapeLeft UIInterfaceOrientationLandscapeRight";
				LD_RUNPATH_SEARCH_PATHS = (
					"$(inherited)",
					"@executable_path/Frameworks",
				);
				MARKETING_VERSION = 1.0;
				PRODUCT_BUNDLE_IDENTIFIER = com.genesis.test1;
				PRODUCT_NAME = "$(TARGET_NAME)";
				PROVISIONING_PROFILE_SPECIFIER = "";
				SWIFT_EMIT_LOC_STRINGS = YES;
				SWIFT_VERSION = 5.0;
				TARGETED_DEVICE_FAMILY = "1,2";
			};
			name = Release;
		};
		92B994F92A72A0B60017F96F /* Debug */ = {
			isa = XCBuildConfiguration;
			buildSettings = {
				ALWAYS_EMBED_SWIFT_STANDARD_LIBRARIES = YES;
				BUNDLE_LOADER = "$(TEST_HOST)";
				CODE_SIGN_STYLE = Automatic;
				CURRENT_PROJECT_VERSION = 1;
				DEVELOPMENT_TEAM = MH6R63YCRU;
				GENERATE_INFOPLIST_FILE = YES;
				IPHONEOS_DEPLOYMENT_TARGET = 16.4;
				MARKETING_VERSION = 1.0;
				PRODUCT_BUNDLE_IDENTIFIER = "elastic.Elastiflix-iOSTests";
				PRODUCT_NAME = "$(TARGET_NAME)";
				SWIFT_EMIT_LOC_STRINGS = NO;
				SWIFT_VERSION = 5.0;
				TARGETED_DEVICE_FAMILY = "1,2";
				TEST_HOST = "$(BUILT_PRODUCTS_DIR)/Elastiflix-iOS.app/$(BUNDLE_EXECUTABLE_FOLDER_PATH)/Elastiflix-iOS";
			};
			name = Debug;
		};
		92B994FA2A72A0B60017F96F /* Release */ = {
			isa = XCBuildConfiguration;
			buildSettings = {
				ALWAYS_EMBED_SWIFT_STANDARD_LIBRARIES = YES;
				BUNDLE_LOADER = "$(TEST_HOST)";
				CODE_SIGN_STYLE = Automatic;
				CURRENT_PROJECT_VERSION = 1;
				DEVELOPMENT_TEAM = MH6R63YCRU;
				GENERATE_INFOPLIST_FILE = YES;
				IPHONEOS_DEPLOYMENT_TARGET = 16.4;
				MARKETING_VERSION = 1.0;
				PRODUCT_BUNDLE_IDENTIFIER = "elastic.Elastiflix-iOSTests";
				PRODUCT_NAME = "$(TARGET_NAME)";
				SWIFT_EMIT_LOC_STRINGS = NO;
				SWIFT_VERSION = 5.0;
				TARGETED_DEVICE_FAMILY = "1,2";
				TEST_HOST = "$(BUILT_PRODUCTS_DIR)/Elastiflix-iOS.app/$(BUNDLE_EXECUTABLE_FOLDER_PATH)/Elastiflix-iOS";
			};
			name = Release;
		};
		92B994FC2A72A0B60017F96F /* Debug */ = {
			isa = XCBuildConfiguration;
			buildSettings = {
				ALWAYS_EMBED_SWIFT_STANDARD_LIBRARIES = YES;
				CODE_SIGN_STYLE = Automatic;
				CURRENT_PROJECT_VERSION = 1;
				DEVELOPMENT_TEAM = MH6R63YCRU;
				GENERATE_INFOPLIST_FILE = YES;
				MARKETING_VERSION = 1.0;
				PRODUCT_BUNDLE_IDENTIFIER = "elastic.Elastiflix-iOSUITests";
				PRODUCT_NAME = "$(TARGET_NAME)";
				SWIFT_EMIT_LOC_STRINGS = NO;
				SWIFT_VERSION = 5.0;
				TARGETED_DEVICE_FAMILY = "1,2";
				TEST_TARGET_NAME = "Elastiflix-iOS";
			};
			name = Debug;
		};
		92B994FD2A72A0B60017F96F /* Release */ = {
			isa = XCBuildConfiguration;
			buildSettings = {
				ALWAYS_EMBED_SWIFT_STANDARD_LIBRARIES = YES;
				CODE_SIGN_STYLE = Automatic;
				CURRENT_PROJECT_VERSION = 1;
				DEVELOPMENT_TEAM = MH6R63YCRU;
				GENERATE_INFOPLIST_FILE = YES;
				MARKETING_VERSION = 1.0;
				PRODUCT_BUNDLE_IDENTIFIER = "elastic.Elastiflix-iOSUITests";
				PRODUCT_NAME = "$(TARGET_NAME)";
				SWIFT_EMIT_LOC_STRINGS = NO;
				SWIFT_VERSION = 5.0;
				TARGETED_DEVICE_FAMILY = "1,2";
				TEST_TARGET_NAME = "Elastiflix-iOS";
			};
			name = Release;
		};
/* End XCBuildConfiguration section */

/* Begin XCConfigurationList section */
		92B994CC2A72A0B40017F96F /* Build configuration list for PBXProject "Elastiflix-iOS" */ = {
			isa = XCConfigurationList;
			buildConfigurations = (
				92B994F32A72A0B60017F96F /* Debug */,
				92B994F42A72A0B60017F96F /* Release */,
			);
			defaultConfigurationIsVisible = 0;
			defaultConfigurationName = Release;
		};
		92B994F52A72A0B60017F96F /* Build configuration list for PBXNativeTarget "Elastiflix-iOS" */ = {
			isa = XCConfigurationList;
			buildConfigurations = (
				92B994F62A72A0B60017F96F /* Debug */,
				92B994F72A72A0B60017F96F /* Release */,
			);
			defaultConfigurationIsVisible = 0;
			defaultConfigurationName = Release;
		};
		92B994F82A72A0B60017F96F /* Build configuration list for PBXNativeTarget "Elastiflix-iOSTests" */ = {
			isa = XCConfigurationList;
			buildConfigurations = (
				92B994F92A72A0B60017F96F /* Debug */,
				92B994FA2A72A0B60017F96F /* Release */,
			);
			defaultConfigurationIsVisible = 0;
			defaultConfigurationName = Release;
		};
		92B994FB2A72A0B60017F96F /* Build configuration list for PBXNativeTarget "Elastiflix-iOSUITests" */ = {
			isa = XCConfigurationList;
			buildConfigurations = (
				92B994FC2A72A0B60017F96F /* Debug */,
				92B994FD2A72A0B60017F96F /* Release */,
			);
			defaultConfigurationIsVisible = 0;
			defaultConfigurationName = Release;
		};
/* End XCConfigurationList section */

/* Begin XCRemoteSwiftPackageReference section */
		08DA5EF92BCD0A07005A5EEE /* XCRemoteSwiftPackageReference "opentelemetry-swift" */ = {
			isa = XCRemoteSwiftPackageReference;
			repositoryURL = "https://github.com/open-telemetry/opentelemetry-swift";
			requirement = {
				kind = exactVersion;
				version = 1.9.1;
			};
		};
/* End XCRemoteSwiftPackageReference section */

/* Begin XCSwiftPackageProductDependency section */
		08DA5EFC2BCD0A07005A5EEE /* OpenTelemetryApi */ = {
			isa = XCSwiftPackageProductDependency;
			package = 08DA5EF92BCD0A07005A5EEE /* XCRemoteSwiftPackageReference "opentelemetry-swift" */;
			productName = OpenTelemetryApi;
		};
		08DA5EFE2BCD0A07005A5EEE /* OpenTelemetryProtocolExporterHTTP */ = {
			isa = XCSwiftPackageProductDependency;
			package = 08DA5EF92BCD0A07005A5EEE /* XCRemoteSwiftPackageReference "opentelemetry-swift" */;
			productName = OpenTelemetryProtocolExporterHTTP;
		};
		08DA5F002BCD0A07005A5EEE /* OpenTelemetrySdk */ = {
			isa = XCSwiftPackageProductDependency;
			package = 08DA5EF92BCD0A07005A5EEE /* XCRemoteSwiftPackageReference "opentelemetry-swift" */;
			productName = OpenTelemetrySdk;
		};
		08DA5F022BCD0A07005A5EEE /* StdoutExporter */ = {
			isa = XCSwiftPackageProductDependency;
			package = 08DA5EF92BCD0A07005A5EEE /* XCRemoteSwiftPackageReference "opentelemetry-swift" */;
			productName = StdoutExporter;
		};
/* End XCSwiftPackageProductDependency section */
	};
	rootObject = 92B994C92A72A0B40017F96F /* Project object */;
}
